
Microsoft Visual Studio Solution File, Format Version 12.00
# Visual Studio Version 17
VisualStudioVersion = 17.4.33213.308
MinimumVisualStudioVersion = 10.0.40219.1
Project("{FAE04EC0-301F-11D3-BF4B-00C04F79EFBC}") = "PhongTIS", "PhongTIS\PhongTIS.csproj", "{0F59ABB1-846A-4698-9946-1F7D88ED3576}"
EndProject
Global
	GlobalSection(SolutionConfigurationPlatforms) = preSolution
		Debug|Any CPU = Debug|Any CPU
		Release|Any CPU = Release|Any CPU
	EndGlobalSection
	GlobalSection(ProjectConfigurationPlatforms) = postSolution
		{0F59ABB1-846A-4698-9946-1F7D88ED3576}.Debug|Any CPU.ActiveCfg = Debug|Any CPU
		{0F59ABB1-846A-4698-9946-1F7D88ED3576}.Debug|Any CPU.Build.0 = Debug|Any CPU
		{0F59ABB1-846A-4698-9946-1F7D88ED3576}.Release|Any CPU.ActiveCfg = Release|Any CPU
		{0F59ABB1-846A-4698-9946-1F7D88ED3576}.Release|Any CPU.Build.0 = Release|Any CPU
	EndGlobalSection
	GlobalSection(SolutionProperties) = preSolution
		HideSolutionNode = FALSE
	EndGlobalSection
	GlobalSection(ExtensibilityGlobals) = postSolution
		SolutionGuid = {31A16ABD-A70F-4FA1-A2A7-FACE1DBE3BCE}
	EndGlobalSection
EndGlobal
